
Microsoft Visual Studio Solution File, Format Version 12.00
# Visual Studio Version 17
VisualStudioVersion = 17.13.35931.197 d17.13
MinimumVisualStudioVersion = 10.0.40219.1
Project("{FAE04EC0-301F-11D3-BF4B-00C04F79EFBC}") = "ConsoleAppProva", "ConsoleAppProva.csproj", "{28613100-6F73-4EA2-BE4B-1D63BE0BCA7F}"
EndProject
Global
	GlobalSection(SolutionConfigurationPlatforms) = preSolution
		Debug|Any CPU = Debug|Any CPU
		Release|Any CPU = Release|Any CPU
	EndGlobalSection
	GlobalSection(ProjectConfigurationPlatforms) = postSolution
		{28613100-6F73-4EA2-BE4B-1D63BE0BCA7F}.Debug|Any CPU.ActiveCfg = Debug|Any CPU
		{28613100-6F73-4EA2-BE4B-1D63BE0BCA7F}.Debug|Any CPU.Build.0 = Debug|Any CPU
		{28613100-6F73-4EA2-BE4B-1D63BE0BCA7F}.Release|Any CPU.ActiveCfg = Release|Any CPU
		{28613100-6F73-4EA2-BE4B-1D63BE0BCA7F}.Release|Any CPU.Build.0 = Release|Any CPU
	EndGlobalSection
	GlobalSection(SolutionProperties) = preSolution
		HideSolutionNode = FALSE
	EndGlobalSection
	GlobalSection(ExtensibilityGlobals) = postSolution
		SolutionGuid = {2DF55D70-85B2-470C-A9D7-E4DF8B8F008B}
	EndGlobalSection
EndGlobal
